
Microsoft Visual Studio Solution File, Format Version 11.00
# Visual Studio 2010
Project("{FAE04EC0-301F-11D3-BF4B-00C04F79EFBC}") = "Resistance.Opts.Tests", "Resistance.Opts.Tests\Resistance.Opts.Tests.csproj", "{9DB17D40-C732-4EB2-879E-D8108515A1FC}"
EndProject
Project("{FAE04EC0-301F-11D3-BF4B-00C04F79EFBC}") = "Resistance.Opts", "Resistance.Opts\Resistance.Opts.csproj", "{E6CA2F2E-043B-45B3-BE65-35206790E420}"
EndProject
Global
	GlobalSection(SolutionConfigurationPlatforms) = preSolution
		Debug|Any CPU = Debug|Any CPU
		Release|Any CPU = Release|Any CPU
	EndGlobalSection
	GlobalSection(ProjectConfigurationPlatforms) = postSolution
		{9DB17D40-C732-4EB2-879E-D8108515A1FC}.Debug|Any CPU.ActiveCfg = Debug|Any CPU
		{9DB17D40-C732-4EB2-879E-D8108515A1FC}.Debug|Any CPU.Build.0 = Debug|Any CPU
		{9DB17D40-C732-4EB2-879E-D8108515A1FC}.Release|Any CPU.ActiveCfg = Release|Any CPU
		{9DB17D40-C732-4EB2-879E-D8108515A1FC}.Release|Any CPU.Build.0 = Release|Any CPU
		{E6CA2F2E-043B-45B3-BE65-35206790E420}.Debug|Any CPU.ActiveCfg = Debug|Any CPU
		{E6CA2F2E-043B-45B3-BE65-35206790E420}.Debug|Any CPU.Build.0 = Debug|Any CPU
		{E6CA2F2E-043B-45B3-BE65-35206790E420}.Release|Any CPU.ActiveCfg = Release|Any CPU
		{E6CA2F2E-043B-45B3-BE65-35206790E420}.Release|Any CPU.Build.0 = Release|Any CPU
	EndGlobalSection
	GlobalSection(MonoDevelopProperties) = preSolution
		StartupItem = Resistance.Opts.Tests\Resistance.Opts.Tests.csproj
		Policies = $0
		$0.VersionControlPolicy = $1
		$1.inheritsSet = Mono
		$0.ChangeLogPolicy = $2
		$2.UpdateMode = None
		$2.MessageStyle = $3
		$3.LineAlign = 0
		$2.inheritsSet = Mono
	EndGlobalSection
EndGlobal
